# generated by rye
# use `rye lock` or `rye sync` to update this lockfile
#
# last locked with the following flags:
#   pre: false
#   features: []
#   all-features: false
#   with-sources: false
#   generate-hashes: false
#   universal: false

-e file:.
annotated-types==0.7.0
    # via pydantic
anyio==4.4.0
    # via httpx
beautifulsoup4==4.12.3
    # via bs4
bs4==0.0.2
    # via post-tracker
certifi==2024.7.4
    # via httpcore
    # via httpx
h11==0.14.0
    # via httpcore
httpcore==1.0.5
    # via httpx
httpx==0.27.0
    # via post-tracker
idna==3.7
    # via anyio
    # via httpx
markdown-it-py==3.0.0
    # via rich
mdurl==0.1.2
    # via markdown-it-py
pydantic==2.8.2
    # via post-tracker
pydantic-core==2.20.1
    # via pydantic
pydymenu==0.5.2
    # via post-tracker
pygments==2.18.0
    # via rich
rich==13.8.0
    # via post-tracker
    # via pydymenu
six==1.16.0
    # via user-agent
sniffio==1.3.1
    # via anyio
    # via httpx
soupsieve==2.5
    # via beautifulsoup4
typing-extensions==4.12.2
    # via pydantic
    # via pydantic-core
user-agent==0.1.10
    # via post-tracker
